// !$*UTF8*$!
{
	archiveVersion = 1;
	classes = {
	};
	objectVersion = 55;
	objects = {

/* Begin PBXBuildFile section */
		154B486728A3C22500C2673F /* ProfileScreenVC.swift in Sources */ = {isa = PBXBuildFile; fileRef = 154B486628A3C22500C2673F /* ProfileScreenVC.swift */; };
		154B486928A3C91900C2673F /* FavoritesMovieCell.swift in Sources */ = {isa = PBXBuildFile; fileRef = 154B486828A3C91900C2673F /* FavoritesMovieCell.swift */; };
		154B486B28A3D27E00C2673F /* GoogleService-Info.plist in Resources */ = {isa = PBXBuildFile; fileRef = 154B486A28A3D27E00C2673F /* GoogleService-Info.plist */; };
		154B486E28A432D100C2673F /* AuthService.swift in Sources */ = {isa = PBXBuildFile; fileRef = 154B486D28A432D000C2673F /* AuthService.swift */; };
		154B487028A43DF700C2673F /* Validators.swift in Sources */ = {isa = PBXBuildFile; fileRef = 154B486F28A43DF700C2673F /* Validators.swift */; };
		154B487228A440D100C2673F /* AuthError.swift in Sources */ = {isa = PBXBuildFile; fileRef = 154B487128A440D100C2673F /* AuthError.swift */; };
		156E9AE8289BF75700D290EC /* NetflixAppModel.xcdatamodeld in Sources */ = {isa = PBXBuildFile; fileRef = 156E9AE6289BF75700D290EC /* NetflixAppModel.xcdatamodeld */; };
		156E9AEA289BF94700D290EC /* DataPersistenceManager.swift in Sources */ = {isa = PBXBuildFile; fileRef = 156E9AE9289BF94700D290EC /* DataPersistenceManager.swift */; };
		157D895928A9342400326497 /* AppliactionUtility.swift in Sources */ = {isa = PBXBuildFile; fileRef = 157D895828A9342400326497 /* AppliactionUtility.swift */; };
		158195DE28A51C920056FC02 /* FirestoreService.swift in Sources */ = {isa = PBXBuildFile; fileRef = 158195DD28A51C920056FC02 /* FirestoreService.swift */; };
		158195E028A53F1F0056FC02 /* UserError.swift in Sources */ = {isa = PBXBuildFile; fileRef = 158195DF28A53F1F0056FC02 /* UserError.swift */; };
		158195E228A540050056FC02 /* Users.swift in Sources */ = {isa = PBXBuildFile; fileRef = 158195E128A540050056FC02 /* Users.swift */; };
		158195E428A6841E0056FC02 /* StorageService.swift in Sources */ = {isa = PBXBuildFile; fileRef = 158195E328A6841E0056FC02 /* StorageService.swift */; };
		158195E628A687860056FC02 /* UIImage + Extentions.swift in Sources */ = {isa = PBXBuildFile; fileRef = 158195E528A687860056FC02 /* UIImage + Extentions.swift */; };
		15C173ED28A12F8C00C9020C /* images.xcassets in Resources */ = {isa = PBXBuildFile; fileRef = 15C173EC28A12F8C00C9020C /* images.xcassets */; };
		15C3774B28A2653400382408 /* SignUpVC.swift in Sources */ = {isa = PBXBuildFile; fileRef = 15C3774A28A2653400382408 /* SignUpVC.swift */; };
		15C3774D28A26B7600382408 /* AuthVC.swift in Sources */ = {isa = PBXBuildFile; fileRef = 15C3774C28A26B7600382408 /* AuthVC.swift */; };
		15C3775028A26BF000382408 /* UIButton + Extns.swift in Sources */ = {isa = PBXBuildFile; fileRef = 15C3774F28A26BF000382408 /* UIButton + Extns.swift */; };
		15C3775228A26D7800382408 /* UIFont + Exnts.swift in Sources */ = {isa = PBXBuildFile; fileRef = 15C3775128A26D7800382408 /* UIFont + Exnts.swift */; };
		15C3775428A26E7100382408 /* UIColor + Extns.swift in Sources */ = {isa = PBXBuildFile; fileRef = 15C3775328A26E7100382408 /* UIColor + Extns.swift */; };
		15C3775628A26EF500382408 /* UILabel + Extns.swift in Sources */ = {isa = PBXBuildFile; fileRef = 15C3775528A26EF500382408 /* UILabel + Extns.swift */; };
		15C3775828A26F1400382408 /* UIImageView + Exnts.swift in Sources */ = {isa = PBXBuildFile; fileRef = 15C3775728A26F1400382408 /* UIImageView + Exnts.swift */; };
		15C3775A28A27A3200382408 /* OneLineTextField + Extns.swift in Sources */ = {isa = PBXBuildFile; fileRef = 15C3775928A27A3200382408 /* OneLineTextField + Extns.swift */; };
		15C3775C28A28A7F00382408 /* LoginVC.swift in Sources */ = {isa = PBXBuildFile; fileRef = 15C3775B28A28A7F00382408 /* LoginVC.swift */; };
		15C3775E28A291FF00382408 /* SetupProfileVC.swift in Sources */ = {isa = PBXBuildFile; fileRef = 15C3775D28A291FF00382408 /* SetupProfileVC.swift */; };
		15C3776128A29D4500382408 /* AddPhotoView.swift in Sources */ = {isa = PBXBuildFile; fileRef = 15C3776028A29D4500382408 /* AddPhotoView.swift */; };
		15DB24F5289EC68C001385E8 /* Genres.swift in Sources */ = {isa = PBXBuildFile; fileRef = 15DB24F4289EC68C001385E8 /* Genres.swift */; };
		15DB24F7289EDE84001385E8 /* GenresCollection.swift in Sources */ = {isa = PBXBuildFile; fileRef = 15DB24F6289EDE84001385E8 /* GenresCollection.swift */; };
		15F63291289943BD002B369D /* AppDelegate.swift in Sources */ = {isa = PBXBuildFile; fileRef = 15F63290289943BD002B369D /* AppDelegate.swift */; };
		15F63293289943BD002B369D /* SceneDelegate.swift in Sources */ = {isa = PBXBuildFile; fileRef = 15F63292289943BD002B369D /* SceneDelegate.swift */; };
		15F63295289943BD002B369D /* MainTabBarVC.swift in Sources */ = {isa = PBXBuildFile; fileRef = 15F63294289943BD002B369D /* MainTabBarVC.swift */; };
		15F6329D289943C0002B369D /* LaunchScreen.storyboard in Resources */ = {isa = PBXBuildFile; fileRef = 15F6329B289943C0002B369D /* LaunchScreen.storyboard */; };
		15F632A6289946C5002B369D /* HomeVC.swift in Sources */ = {isa = PBXBuildFile; fileRef = 15F632A5289946C4002B369D /* HomeVC.swift */; };
		15F632A8289946FD002B369D /* UpcomingVC.swift in Sources */ = {isa = PBXBuildFile; fileRef = 15F632A7289946FD002B369D /* UpcomingVC.swift */; };
		15F632AA28994738002B369D /* SearchVC.swift in Sources */ = {isa = PBXBuildFile; fileRef = 15F632A928994738002B369D /* SearchVC.swift */; };
		15F632AC28994761002B369D /* DownloadsVC.swift in Sources */ = {isa = PBXBuildFile; fileRef = 15F632AB28994761002B369D /* DownloadsVC.swift */; };
		15F632B52899604D002B369D /* CollectionViewTableViewCell.swift in Sources */ = {isa = PBXBuildFile; fileRef = 15F632B42899604D002B369D /* CollectionViewTableViewCell.swift */; };
		15F632B72899690A002B369D /* HeroHeaderView.swift in Sources */ = {isa = PBXBuildFile; fileRef = 15F632B62899690A002B369D /* HeroHeaderView.swift */; };
		15F632B9289A54C1002B369D /* ApiCaller.swift in Sources */ = {isa = PBXBuildFile; fileRef = 15F632B8289A54C1002B369D /* ApiCaller.swift */; };
		15F632BB289A819C002B369D /* Title.swift in Sources */ = {isa = PBXBuildFile; fileRef = 15F632BA289A819C002B369D /* Title.swift */; };
		15F632BD289A864D002B369D /* Extentions.swift in Sources */ = {isa = PBXBuildFile; fileRef = 15F632BC289A864D002B369D /* Extentions.swift */; };
		15F632C1289A8D22002B369D /* TitleCollectionViewCell.swift in Sources */ = {isa = PBXBuildFile; fileRef = 15F632C0289A8D22002B369D /* TitleCollectionViewCell.swift */; };
		15F632C7289ABB59002B369D /* TitleTableViewCell.swift in Sources */ = {isa = PBXBuildFile; fileRef = 15F632C6289ABB59002B369D /* TitleTableViewCell.swift */; };
		15F632C9289ABDE2002B369D /* TitleViewModel.swift in Sources */ = {isa = PBXBuildFile; fileRef = 15F632C8289ABDE2002B369D /* TitleViewModel.swift */; };
		15F632CB289AF7DD002B369D /* SearchResultsVC.swift in Sources */ = {isa = PBXBuildFile; fileRef = 15F632CA289AF7DD002B369D /* SearchResultsVC.swift */; };
		15F632CF289B9AAC002B369D /* YoutubeSearchResponse.swift in Sources */ = {isa = PBXBuildFile; fileRef = 15F632CE289B9AAC002B369D /* YoutubeSearchResponse.swift */; };
		15F632D1289B9D6D002B369D /* TitlePreviewVC.swift in Sources */ = {isa = PBXBuildFile; fileRef = 15F632D0289B9D6D002B369D /* TitlePreviewVC.swift */; };
		15F632D3289BA03A002B369D /* TitlePreviewViewModel.swift in Sources */ = {isa = PBXBuildFile; fileRef = 15F632D2289BA03A002B369D /* TitlePreviewViewModel.swift */; };
		46237CF5CCD6D07E0B5F351D /* Pods_NetfixApp.framework in Frameworks */ = {isa = PBXBuildFile; fileRef = F3B3E180602D14E49940A07C /* Pods_NetfixApp.framework */; };
/* End PBXBuildFile section */

/* Begin PBXFileReference section */
		154B486628A3C22500C2673F /* ProfileScreenVC.swift */ = {isa = PBXFileReference; lastKnownFileType = sourcecode.swift; path = ProfileScreenVC.swift; sourceTree = "<group>"; };
		154B486828A3C91900C2673F /* FavoritesMovieCell.swift */ = {isa = PBXFileReference; lastKnownFileType = sourcecode.swift; path = FavoritesMovieCell.swift; sourceTree = "<group>"; };
		154B486A28A3D27E00C2673F /* GoogleService-Info.plist */ = {isa = PBXFileReference; fileEncoding = 4; lastKnownFileType = text.plist.xml; name = "GoogleService-Info.plist"; path = "../../../../../Users/sarap005931/Downloads/GoogleService-Info.plist"; sourceTree = "<group>"; };
		154B486D28A432D000C2673F /* AuthService.swift */ = {isa = PBXFileReference; lastKnownFileType = sourcecode.swift; path = AuthService.swift; sourceTree = "<group>"; };
		154B486F28A43DF700C2673F /* Validators.swift */ = {isa = PBXFileReference; lastKnownFileType = sourcecode.swift; path = Validators.swift; sourceTree = "<group>"; };
		154B487128A440D100C2673F /* AuthError.swift */ = {isa = PBXFileReference; lastKnownFileType = sourcecode.swift; path = AuthError.swift; sourceTree = "<group>"; };
		156E9AE7289BF75700D290EC /* NetflixAppModel.xcdatamodel */ = {isa = PBXFileReference; lastKnownFileType = wrapper.xcdatamodel; path = NetflixAppModel.xcdatamodel; sourceTree = "<group>"; };
		156E9AE9289BF94700D290EC /* DataPersistenceManager.swift */ = {isa = PBXFileReference; lastKnownFileType = sourcecode.swift; path = DataPersistenceManager.swift; sourceTree = "<group>"; };
		157D895828A9342400326497 /* AppliactionUtility.swift */ = {isa = PBXFileReference; lastKnownFileType = sourcecode.swift; path = AppliactionUtility.swift; sourceTree = "<group>"; };
		158195DD28A51C920056FC02 /* FirestoreService.swift */ = {isa = PBXFileReference; lastKnownFileType = sourcecode.swift; path = FirestoreService.swift; sourceTree = "<group>"; };
		158195DF28A53F1F0056FC02 /* UserError.swift */ = {isa = PBXFileReference; lastKnownFileType = sourcecode.swift; path = UserError.swift; sourceTree = "<group>"; };
		158195E128A540050056FC02 /* Users.swift */ = {isa = PBXFileReference; lastKnownFileType = sourcecode.swift; path = Users.swift; sourceTree = "<group>"; };
		158195E328A6841E0056FC02 /* StorageService.swift */ = {isa = PBXFileReference; lastKnownFileType = sourcecode.swift; path = StorageService.swift; sourceTree = "<group>"; };
		158195E528A687860056FC02 /* UIImage + Extentions.swift */ = {isa = PBXFileReference; lastKnownFileType = sourcecode.swift; path = "UIImage + Extentions.swift"; sourceTree = "<group>"; };
		15C173EC28A12F8C00C9020C /* images.xcassets */ = {isa = PBXFileReference; lastKnownFileType = folder.assetcatalog; path = images.xcassets; sourceTree = "<group>"; };
		15C3774A28A2653400382408 /* SignUpVC.swift */ = {isa = PBXFileReference; lastKnownFileType = sourcecode.swift; path = SignUpVC.swift; sourceTree = "<group>"; };
		15C3774C28A26B7600382408 /* AuthVC.swift */ = {isa = PBXFileReference; lastKnownFileType = sourcecode.swift; path = AuthVC.swift; sourceTree = "<group>"; };
		15C3774F28A26BF000382408 /* UIButton + Extns.swift */ = {isa = PBXFileReference; lastKnownFileType = sourcecode.swift; path = "UIButton + Extns.swift"; sourceTree = "<group>"; };
		15C3775128A26D7800382408 /* UIFont + Exnts.swift */ = {isa = PBXFileReference; lastKnownFileType = sourcecode.swift; path = "UIFont + Exnts.swift"; sourceTree = "<group>"; };
		15C3775328A26E7100382408 /* UIColor + Extns.swift */ = {isa = PBXFileReference; lastKnownFileType = sourcecode.swift; path = "UIColor + Extns.swift"; sourceTree = "<group>"; };
		15C3775528A26EF500382408 /* UILabel + Extns.swift */ = {isa = PBXFileReference; lastKnownFileType = sourcecode.swift; path = "UILabel + Extns.swift"; sourceTree = "<group>"; };
		15C3775728A26F1400382408 /* UIImageView + Exnts.swift */ = {isa = PBXFileReference; lastKnownFileType = sourcecode.swift; path = "UIImageView + Exnts.swift"; sourceTree = "<group>"; };
		15C3775928A27A3200382408 /* OneLineTextField + Extns.swift */ = {isa = PBXFileReference; lastKnownFileType = sourcecode.swift; path = "OneLineTextField + Extns.swift"; sourceTree = "<group>"; };
		15C3775B28A28A7F00382408 /* LoginVC.swift */ = {isa = PBXFileReference; lastKnownFileType = sourcecode.swift; path = LoginVC.swift; sourceTree = "<group>"; };
		15C3775D28A291FF00382408 /* SetupProfileVC.swift */ = {isa = PBXFileReference; lastKnownFileType = sourcecode.swift; path = SetupProfileVC.swift; sourceTree = "<group>"; };
		15C3776028A29D4500382408 /* AddPhotoView.swift */ = {isa = PBXFileReference; lastKnownFileType = sourcecode.swift; path = AddPhotoView.swift; sourceTree = "<group>"; };
		15DB24F4289EC68C001385E8 /* Genres.swift */ = {isa = PBXFileReference; lastKnownFileType = sourcecode.swift; path = Genres.swift; sourceTree = "<group>"; };
		15DB24F6289EDE84001385E8 /* GenresCollection.swift */ = {isa = PBXFileReference; lastKnownFileType = sourcecode.swift; path = GenresCollection.swift; sourceTree = "<group>"; };
		15F6328D289943BD002B369D /* NetfixApp.app */ = {isa = PBXFileReference; explicitFileType = wrapper.application; includeInIndex = 0; path = NetfixApp.app; sourceTree = BUILT_PRODUCTS_DIR; };
		15F63290289943BD002B369D /* AppDelegate.swift */ = {isa = PBXFileReference; lastKnownFileType = sourcecode.swift; path = AppDelegate.swift; sourceTree = "<group>"; };
		15F63292289943BD002B369D /* SceneDelegate.swift */ = {isa = PBXFileReference; lastKnownFileType = sourcecode.swift; path = SceneDelegate.swift; sourceTree = "<group>"; };
		15F63294289943BD002B369D /* MainTabBarVC.swift */ = {isa = PBXFileReference; lastKnownFileType = sourcecode.swift; path = MainTabBarVC.swift; sourceTree = "<group>"; };
		15F6329C289943C0002B369D /* Base */ = {isa = PBXFileReference; lastKnownFileType = file.storyboard; name = Base; path = Base.lproj/LaunchScreen.storyboard; sourceTree = "<group>"; };
		15F6329E289943C0002B369D /* Info.plist */ = {isa = PBXFileReference; lastKnownFileType = text.plist.xml; path = Info.plist; sourceTree = "<group>"; };
		15F632A5289946C4002B369D /* HomeVC.swift */ = {isa = PBXFileReference; lastKnownFileType = sourcecode.swift; path = HomeVC.swift; sourceTree = "<group>"; };
		15F632A7289946FD002B369D /* UpcomingVC.swift */ = {isa = PBXFileReference; lastKnownFileType = sourcecode.swift; path = UpcomingVC.swift; sourceTree = "<group>"; };
		15F632A928994738002B369D /* SearchVC.swift */ = {isa = PBXFileReference; lastKnownFileType = sourcecode.swift; path = SearchVC.swift; sourceTree = "<group>"; };
		15F632AB28994761002B369D /* DownloadsVC.swift */ = {isa = PBXFileReference; lastKnownFileType = sourcecode.swift; path = DownloadsVC.swift; sourceTree = "<group>"; };
		15F632B42899604D002B369D /* CollectionViewTableViewCell.swift */ = {isa = PBXFileReference; lastKnownFileType = sourcecode.swift; path = CollectionViewTableViewCell.swift; sourceTree = "<group>"; };
		15F632B62899690A002B369D /* HeroHeaderView.swift */ = {isa = PBXFileReference; lastKnownFileType = sourcecode.swift; path = HeroHeaderView.swift; sourceTree = "<group>"; };
		15F632B8289A54C1002B369D /* ApiCaller.swift */ = {isa = PBXFileReference; lastKnownFileType = sourcecode.swift; path = ApiCaller.swift; sourceTree = "<group>"; };
		15F632BA289A819C002B369D /* Title.swift */ = {isa = PBXFileReference; lastKnownFileType = sourcecode.swift; path = Title.swift; sourceTree = "<group>"; };
		15F632BC289A864D002B369D /* Extentions.swift */ = {isa = PBXFileReference; lastKnownFileType = sourcecode.swift; path = Extentions.swift; sourceTree = "<group>"; };
		15F632C0289A8D22002B369D /* TitleCollectionViewCell.swift */ = {isa = PBXFileReference; lastKnownFileType = sourcecode.swift; path = TitleCollectionViewCell.swift; sourceTree = "<group>"; };
		15F632C6289ABB59002B369D /* TitleTableViewCell.swift */ = {isa = PBXFileReference; lastKnownFileType = sourcecode.swift; path = TitleTableViewCell.swift; sourceTree = "<group>"; };
		15F632C8289ABDE2002B369D /* TitleViewModel.swift */ = {isa = PBXFileReference; lastKnownFileType = sourcecode.swift; path = TitleViewModel.swift; sourceTree = "<group>"; };
		15F632CA289AF7DD002B369D /* SearchResultsVC.swift */ = {isa = PBXFileReference; lastKnownFileType = sourcecode.swift; path = SearchResultsVC.swift; sourceTree = "<group>"; };
		15F632CE289B9AAC002B369D /* YoutubeSearchResponse.swift */ = {isa = PBXFileReference; lastKnownFileType = sourcecode.swift; name = YoutubeSearchResponse.swift; path = ../../../../YoutubeSearchResponse.swift; sourceTree = "<group>"; };
		15F632D0289B9D6D002B369D /* TitlePreviewVC.swift */ = {isa = PBXFileReference; lastKnownFileType = sourcecode.swift; path = TitlePreviewVC.swift; sourceTree = "<group>"; };
		15F632D2289BA03A002B369D /* TitlePreviewViewModel.swift */ = {isa = PBXFileReference; lastKnownFileType = sourcecode.swift; path = TitlePreviewViewModel.swift; sourceTree = "<group>"; };
		55C6F4B7E272787E66FE74FB /* Pods-NetfixApp.debug.xcconfig */ = {isa = PBXFileReference; includeInIndex = 1; lastKnownFileType = text.xcconfig; name = "Pods-NetfixApp.debug.xcconfig"; path = "Target Support Files/Pods-NetfixApp/Pods-NetfixApp.debug.xcconfig"; sourceTree = "<group>"; };
		A826337A75B40558E576B5DF /* Pods-NetfixApp.release.xcconfig */ = {isa = PBXFileReference; includeInIndex = 1; lastKnownFileType = text.xcconfig; name = "Pods-NetfixApp.release.xcconfig"; path = "Target Support Files/Pods-NetfixApp/Pods-NetfixApp.release.xcconfig"; sourceTree = "<group>"; };
		F3B3E180602D14E49940A07C /* Pods_NetfixApp.framework */ = {isa = PBXFileReference; explicitFileType = wrapper.framework; includeInIndex = 0; path = Pods_NetfixApp.framework; sourceTree = BUILT_PRODUCTS_DIR; };
/* End PBXFileReference section */

/* Begin PBXFrameworksBuildPhase section */
		15F6328A289943BD002B369D /* Frameworks */ = {
			isa = PBXFrameworksBuildPhase;
			buildActionMask = 2147483647;
			files = (
				46237CF5CCD6D07E0B5F351D /* Pods_NetfixApp.framework in Frameworks */,
			);
			runOnlyForDeploymentPostprocessing = 0;
		};
/* End PBXFrameworksBuildPhase section */

/* Begin PBXGroup section */
		154B486C28A4329000C2673F /* FirbaseService */ = {
			isa = PBXGroup;
			children = (
				154B487328A443B000C2673F /* Helpers */,
				154B486D28A432D000C2673F /* AuthService.swift */,
				158195DD28A51C920056FC02 /* FirestoreService.swift */,
				158195E328A6841E0056FC02 /* StorageService.swift */,
			);
			path = FirbaseService;
			sourceTree = "<group>";
		};
		154B487328A443B000C2673F /* Helpers */ = {
			isa = PBXGroup;
			children = (
				154B486F28A43DF700C2673F /* Validators.swift */,
				154B487128A440D100C2673F /* AuthError.swift */,
				158195DF28A53F1F0056FC02 /* UserError.swift */,
				157D895828A9342400326497 /* AppliactionUtility.swift */,
			);
			path = Helpers;
			sourceTree = "<group>";
		};
		159C3AFD28A1554E00263B33 /* Login */ = {
			isa = PBXGroup;
			children = (
				15C3775F28A29D3500382408 /* CustomView */,
				15C3774E28A26BC700382408 /* Extentions */,
				15C3774C28A26B7600382408 /* AuthVC.swift */,
				15C3774A28A2653400382408 /* SignUpVC.swift */,
				15C3775B28A28A7F00382408 /* LoginVC.swift */,
				15C3775D28A291FF00382408 /* SetupProfileVC.swift */,
				154B486628A3C22500C2673F /* ProfileScreenVC.swift */,
			);
			path = Login;
			sourceTree = "<group>";
		};
		15C3774E28A26BC700382408 /* Extentions */ = {
			isa = PBXGroup;
			children = (
				15F632BC289A864D002B369D /* Extentions.swift */,
				15C3774F28A26BF000382408 /* UIButton + Extns.swift */,
				15C3775128A26D7800382408 /* UIFont + Exnts.swift */,
				15C3775328A26E7100382408 /* UIColor + Extns.swift */,
				15C3775528A26EF500382408 /* UILabel + Extns.swift */,
				15C3775728A26F1400382408 /* UIImageView + Exnts.swift */,
				15C3775928A27A3200382408 /* OneLineTextField + Extns.swift */,
				158195E528A687860056FC02 /* UIImage + Extentions.swift */,
			);
			path = Extentions;
			sourceTree = "<group>";
		};
		15C3775F28A29D3500382408 /* CustomView */ = {
			isa = PBXGroup;
			children = (
				15C3776028A29D4500382408 /* AddPhotoView.swift */,
				154B486828A3C91900C2673F /* FavoritesMovieCell.swift */,
			);
			path = CustomView;
			sourceTree = "<group>";
		};
		15F63284289943BD002B369D = {
			isa = PBXGroup;
			children = (
				15F6328F289943BD002B369D /* NetfixApp */,
				15F6328E289943BD002B369D /* Products */,
				3328716E77E49D7BFEF744E4 /* Pods */,
				73806F0F046C706FF88CE4F9 /* Frameworks */,
			);
			sourceTree = "<group>";
		};
		15F6328E289943BD002B369D /* Products */ = {
			isa = PBXGroup;
			children = (
				15F6328D289943BD002B369D /* NetfixApp.app */,
			);
			name = Products;
			sourceTree = "<group>";
		};
		15F6328F289943BD002B369D /* NetfixApp */ = {
			isa = PBXGroup;
			children = (
				15F632B328996003002B369D /* Managers */,
				15F632AE28995F97002B369D /* Models */,
				15F632B028995FA3002B369D /* Views */,
				15F632B228995FB5002B369D /* ViewModels */,
				15F632A42899469F002B369D /* Controllers */,
				15F632AD28994780002B369D /* Resources */,
				15F63294289943BD002B369D /* MainTabBarVC.swift */,
				15F6329B289943C0002B369D /* LaunchScreen.storyboard */,
				15F6329E289943C0002B369D /* Info.plist */,
				154B486A28A3D27E00C2673F /* GoogleService-Info.plist */,
				15C173EC28A12F8C00C9020C /* images.xcassets */,
				156E9AE6289BF75700D290EC /* NetflixAppModel.xcdatamodeld */,
			);
			path = NetfixApp;
			sourceTree = "<group>";
		};
		15F632A42899469F002B369D /* Controllers */ = {
			isa = PBXGroup;
			children = (
				159C3AFD28A1554E00263B33 /* Login */,
				15F632CD289AFA54002B369D /* General */,
				15F632CC289AFA3E002B369D /* Core */,
			);
			path = Controllers;
			sourceTree = "<group>";
		};
		15F632AD28994780002B369D /* Resources */ = {
			isa = PBXGroup;
			children = (
				15F63290289943BD002B369D /* AppDelegate.swift */,
				15F63292289943BD002B369D /* SceneDelegate.swift */,
			);
			path = Resources;
			sourceTree = "<group>";
		};
		15F632AE28995F97002B369D /* Models */ = {
			isa = PBXGroup;
			children = (
				15F632BA289A819C002B369D /* Title.swift */,
				15F632CE289B9AAC002B369D /* YoutubeSearchResponse.swift */,
				15DB24F4289EC68C001385E8 /* Genres.swift */,
				158195E128A540050056FC02 /* Users.swift */,
			);
			path = Models;
			sourceTree = "<group>";
		};
		15F632B028995FA3002B369D /* Views */ = {
			isa = PBXGroup;
			children = (
				15F632B42899604D002B369D /* CollectionViewTableViewCell.swift */,
				15F632B62899690A002B369D /* HeroHeaderView.swift */,
				15F632C0289A8D22002B369D /* TitleCollectionViewCell.swift */,
				15F632C6289ABB59002B369D /* TitleTableViewCell.swift */,
				15DB24F6289EDE84001385E8 /* GenresCollection.swift */,
			);
			path = Views;
			sourceTree = "<group>";
		};
		15F632B228995FB5002B369D /* ViewModels */ = {
			isa = PBXGroup;
			children = (
				15F632C8289ABDE2002B369D /* TitleViewModel.swift */,
				15F632D2289BA03A002B369D /* TitlePreviewViewModel.swift */,
			);
			path = ViewModels;
			sourceTree = "<group>";
		};
		15F632B328996003002B369D /* Managers */ = {
			isa = PBXGroup;
			children = (
				154B486C28A4329000C2673F /* FirbaseService */,
				15F632B8289A54C1002B369D /* ApiCaller.swift */,
				156E9AE9289BF94700D290EC /* DataPersistenceManager.swift */,
			);
			path = Managers;
			sourceTree = "<group>";
		};
		15F632CC289AFA3E002B369D /* Core */ = {
			isa = PBXGroup;
			children = (
				15F632A5289946C4002B369D /* HomeVC.swift */,
				15F632A7289946FD002B369D /* UpcomingVC.swift */,
				15F632A928994738002B369D /* SearchVC.swift */,
				15F632AB28994761002B369D /* DownloadsVC.swift */,
			);
			path = Core;
			sourceTree = "<group>";
		};
		15F632CD289AFA54002B369D /* General */ = {
			isa = PBXGroup;
			children = (
				15F632CA289AF7DD002B369D /* SearchResultsVC.swift */,
				15F632D0289B9D6D002B369D /* TitlePreviewVC.swift */,
			);
			path = General;
			sourceTree = "<group>";
		};
		3328716E77E49D7BFEF744E4 /* Pods */ = {
			isa = PBXGroup;
			children = (
				55C6F4B7E272787E66FE74FB /* Pods-NetfixApp.debug.xcconfig */,
				A826337A75B40558E576B5DF /* Pods-NetfixApp.release.xcconfig */,
			);
			path = Pods;
			sourceTree = "<group>";
		};
		73806F0F046C706FF88CE4F9 /* Frameworks */ = {
			isa = PBXGroup;
			children = (
				F3B3E180602D14E49940A07C /* Pods_NetfixApp.framework */,
			);
			name = Frameworks;
			sourceTree = "<group>";
		};
/* End PBXGroup section */

/* Begin PBXNativeTarget section */
		15F6328C289943BD002B369D /* NetfixApp */ = {
			isa = PBXNativeTarget;
			buildConfigurationList = 15F632A1289943C0002B369D /* Build configuration list for PBXNativeTarget "NetfixApp" */;
			buildPhases = (
				6A99A2076015C3712B3D0095 /* [CP] Check Pods Manifest.lock */,
				15F63289289943BD002B369D /* Sources */,
				15F6328A289943BD002B369D /* Frameworks */,
				15F6328B289943BD002B369D /* Resources */,
				6F50A7BDDEBBEFD2451536D6 /* [CP] Embed Pods Frameworks */,
			);
			buildRules = (
			);
			dependencies = (
			);
			name = NetfixApp;
			productName = NetfixApp;
			productReference = 15F6328D289943BD002B369D /* NetfixApp.app */;
			productType = "com.apple.product-type.application";
		};
/* End PBXNativeTarget section */

/* Begin PBXProject section */
		15F63285289943BD002B369D /* Project object */ = {
			isa = PBXProject;
			attributes = {
				BuildIndependentTargetsInParallel = 1;
				LastSwiftUpdateCheck = 1330;
				LastUpgradeCheck = 1330;
				TargetAttributes = {
					15F6328C289943BD002B369D = {
						CreatedOnToolsVersion = 13.3.1;
					};
				};
			};
			buildConfigurationList = 15F63288289943BD002B369D /* Build configuration list for PBXProject "NetfixApp" */;
			compatibilityVersion = "Xcode 13.0";
			developmentRegion = en;
			hasScannedForEncodings = 0;
			knownRegions = (
				en,
				Base,
			);
			mainGroup = 15F63284289943BD002B369D;
			productRefGroup = 15F6328E289943BD002B369D /* Products */;
			projectDirPath = "";
			projectRoot = "";
			targets = (
				15F6328C289943BD002B369D /* NetfixApp */,
			);
		};
/* End PBXProject section */

/* Begin PBXResourcesBuildPhase section */
		15F6328B289943BD002B369D /* Resources */ = {
			isa = PBXResourcesBuildPhase;
			buildActionMask = 2147483647;
			files = (
				15C173ED28A12F8C00C9020C /* images.xcassets in Resources */,
				15F6329D289943C0002B369D /* LaunchScreen.storyboard in Resources */,
				154B486B28A3D27E00C2673F /* GoogleService-Info.plist in Resources */,
			);
			runOnlyForDeploymentPostprocessing = 0;
		};
/* End PBXResourcesBuildPhase section */

/* Begin PBXShellScriptBuildPhase section */
		6A99A2076015C3712B3D0095 /* [CP] Check Pods Manifest.lock */ = {
			isa = PBXShellScriptBuildPhase;
			buildActionMask = 2147483647;
			files = (
			);
			inputFileListPaths = (
			);
			inputPaths = (
				"${PODS_PODFILE_DIR_PATH}/Podfile.lock",
				"${PODS_ROOT}/Manifest.lock",
			);
			name = "[CP] Check Pods Manifest.lock";
			outputFileListPaths = (
			);
			outputPaths = (
				"$(DERIVED_FILE_DIR)/Pods-NetfixApp-checkManifestLockResult.txt",
			);
			runOnlyForDeploymentPostprocessing = 0;
			shellPath = /bin/sh;
			shellScript = "diff \"${PODS_PODFILE_DIR_PATH}/Podfile.lock\" \"${PODS_ROOT}/Manifest.lock\" > /dev/null\nif [ $? != 0 ] ; then\n    # print error to STDERR\n    echo \"error: The sandbox is not in sync with the Podfile.lock. Run 'pod install' or update your CocoaPods installation.\" >&2\n    exit 1\nfi\n# This output is used by Xcode 'outputs' to avoid re-running this script phase.\necho \"SUCCESS\" > \"${SCRIPT_OUTPUT_FILE_0}\"\n";
			showEnvVarsInLog = 0;
		};
		6F50A7BDDEBBEFD2451536D6 /* [CP] Embed Pods Frameworks */ = {
			isa = PBXShellScriptBuildPhase;
			buildActionMask = 2147483647;
			files = (
			);
			inputFileListPaths = (
				"${PODS_ROOT}/Target Support Files/Pods-NetfixApp/Pods-NetfixApp-frameworks-${CONFIGURATION}-input-files.xcfilelist",
			);
			name = "[CP] Embed Pods Frameworks";
			outputFileListPaths = (
				"${PODS_ROOT}/Target Support Files/Pods-NetfixApp/Pods-NetfixApp-frameworks-${CONFIGURATION}-output-files.xcfilelist",
			);
			runOnlyForDeploymentPostprocessing = 0;
			shellPath = /bin/sh;
			shellScript = "\"${PODS_ROOT}/Target Support Files/Pods-NetfixApp/Pods-NetfixApp-frameworks.sh\"\n";
			showEnvVarsInLog = 0;
		};
/* End PBXShellScriptBuildPhase section */

/* Begin PBXSourcesBuildPhase section */
		15F63289289943BD002B369D /* Sources */ = {
			isa = PBXSourcesBuildPhase;
			buildActionMask = 2147483647;
			files = (
				15C3774D28A26B7600382408 /* AuthVC.swift in Sources */,
				15F632C7289ABB59002B369D /* TitleTableViewCell.swift in Sources */,
				15F632CB289AF7DD002B369D /* SearchResultsVC.swift in Sources */,
				15C3775A28A27A3200382408 /* OneLineTextField + Extns.swift in Sources */,
				15F632AA28994738002B369D /* SearchVC.swift in Sources */,
				15C3775028A26BF000382408 /* UIButton + Extns.swift in Sources */,
				15C3775828A26F1400382408 /* UIImageView + Exnts.swift in Sources */,
				156E9AEA289BF94700D290EC /* DataPersistenceManager.swift in Sources */,
				15F632C1289A8D22002B369D /* TitleCollectionViewCell.swift in Sources */,
				154B486728A3C22500C2673F /* ProfileScreenVC.swift in Sources */,
				154B486928A3C91900C2673F /* FavoritesMovieCell.swift in Sources */,
				156E9AE8289BF75700D290EC /* NetflixAppModel.xcdatamodeld in Sources */,
				15F632BB289A819C002B369D /* Title.swift in Sources */,
				15C3775428A26E7100382408 /* UIColor + Extns.swift in Sources */,
				15C3775228A26D7800382408 /* UIFont + Exnts.swift in Sources */,
				15F63295289943BD002B369D /* MainTabBarVC.swift in Sources */,
				15F632B52899604D002B369D /* CollectionViewTableViewCell.swift in Sources */,
				15C3775628A26EF500382408 /* UILabel + Extns.swift in Sources */,
				15F632A6289946C5002B369D /* HomeVC.swift in Sources */,
				15F632B72899690A002B369D /* HeroHeaderView.swift in Sources */,
				15F63291289943BD002B369D /* AppDelegate.swift in Sources */,
				158195E028A53F1F0056FC02 /* UserError.swift in Sources */,
				158195DE28A51C920056FC02 /* FirestoreService.swift in Sources */,
				154B487228A440D100C2673F /* AuthError.swift in Sources */,
				15F632AC28994761002B369D /* DownloadsVC.swift in Sources */,
				157D895928A9342400326497 /* AppliactionUtility.swift in Sources */,
				15F632CF289B9AAC002B369D /* YoutubeSearchResponse.swift in Sources */,
				15F632D1289B9D6D002B369D /* TitlePreviewVC.swift in Sources */,
				154B487028A43DF700C2673F /* Validators.swift in Sources */,
				15DB24F5289EC68C001385E8 /* Genres.swift in Sources */,
				15C3774B28A2653400382408 /* SignUpVC.swift in Sources */,
				15F632D3289BA03A002B369D /* TitlePreviewViewModel.swift in Sources */,
				15C3776128A29D4500382408 /* AddPhotoView.swift in Sources */,
				15F632BD289A864D002B369D /* Extentions.swift in Sources */,
				15C3775C28A28A7F00382408 /* LoginVC.swift in Sources */,
				158195E228A540050056FC02 /* Users.swift in Sources */,
				154B486E28A432D100C2673F /* AuthService.swift in Sources */,
				15C3775E28A291FF00382408 /* SetupProfileVC.swift in Sources */,
				15DB24F7289EDE84001385E8 /* GenresCollection.swift in Sources */,
				158195E628A687860056FC02 /* UIImage + Extentions.swift in Sources */,
				158195E428A6841E0056FC02 /* StorageService.swift in Sources */,
				15F632A8289946FD002B369D /* UpcomingVC.swift in Sources */,
				15F63293289943BD002B369D /* SceneDelegate.swift in Sources */,
				15F632B9289A54C1002B369D /* ApiCaller.swift in Sources */,
				15F632C9289ABDE2002B369D /* TitleViewModel.swift in Sources */,
			);
			runOnlyForDeploymentPostprocessing = 0;
		};
/* End PBXSourcesBuildPhase section */

/* Begin PBXVariantGroup section */
		15F6329B289943C0002B369D /* LaunchScreen.storyboard */ = {
			isa = PBXVariantGroup;
			children = (
				15F6329C289943C0002B369D /* Base */,
			);
			name = LaunchScreen.storyboard;
			sourceTree = "<group>";
		};
/* End PBXVariantGroup section */

/* Begin XCBuildConfiguration section */
		15F6329F289943C0002B369D /* Debug */ = {
			isa = XCBuildConfiguration;
			buildSettings = {
				ALWAYS_SEARCH_USER_PATHS = NO;
				CLANG_ANALYZER_NONNULL = YES;
				CLANG_ANALYZER_NUMBER_OBJECT_CONVERSION = YES_AGGRESSIVE;
				CLANG_CXX_LANGUAGE_STANDARD = "gnu++17";
				CLANG_ENABLE_MODULES = YES;
				CLANG_ENABLE_OBJC_ARC = YES;
				CLANG_ENABLE_OBJC_WEAK = YES;
				CLANG_WARN_BLOCK_CAPTURE_AUTORELEASING = YES;
				CLANG_WARN_BOOL_CONVERSION = YES;
				CLANG_WARN_COMMA = YES;
				CLANG_WARN_CONSTANT_CONVERSION = YES;
				CLANG_WARN_DEPRECATED_OBJC_IMPLEMENTATIONS = YES;
				CLANG_WARN_DIRECT_OBJC_ISA_USAGE = YES_ERROR;
				CLANG_WARN_DOCUMENTATION_COMMENTS = YES;
				CLANG_WARN_EMPTY_BODY = YES;
				CLANG_WARN_ENUM_CONVERSION = YES;
				CLANG_WARN_INFINITE_RECURSION = YES;
				CLANG_WARN_INT_CONVERSION = YES;
				CLANG_WARN_NON_LITERAL_NULL_CONVERSION = YES;
				CLANG_WARN_OBJC_IMPLICIT_RETAIN_SELF = YES;
				CLANG_WARN_OBJC_LITERAL_CONVERSION = YES;
				CLANG_WARN_OBJC_ROOT_CLASS = YES_ERROR;
				CLANG_WARN_QUOTED_INCLUDE_IN_FRAMEWORK_HEADER = YES;
				CLANG_WARN_RANGE_LOOP_ANALYSIS = YES;
				CLANG_WARN_STRICT_PROTOTYPES = YES;
				CLANG_WARN_SUSPICIOUS_MOVE = YES;
				CLANG_WARN_UNGUARDED_AVAILABILITY = YES_AGGRESSIVE;
				CLANG_WARN_UNREACHABLE_CODE = YES;
				CLANG_WARN__DUPLICATE_METHOD_MATCH = YES;
				COPY_PHASE_STRIP = NO;
				DEBUG_INFORMATION_FORMAT = dwarf;
				ENABLE_STRICT_OBJC_MSGSEND = YES;
				ENABLE_TESTABILITY = YES;
				GCC_C_LANGUAGE_STANDARD = gnu11;
				GCC_DYNAMIC_NO_PIC = NO;
				GCC_NO_COMMON_BLOCKS = YES;
				GCC_OPTIMIZATION_LEVEL = 0;
				GCC_PREPROCESSOR_DEFINITIONS = (
					"DEBUG=1",
					"$(inherited)",
				);
				GCC_WARN_64_TO_32_BIT_CONVERSION = YES;
				GCC_WARN_ABOUT_RETURN_TYPE = YES_ERROR;
				GCC_WARN_UNDECLARED_SELECTOR = YES;
				GCC_WARN_UNINITIALIZED_AUTOS = YES_AGGRESSIVE;
				GCC_WARN_UNUSED_FUNCTION = YES;
				GCC_WARN_UNUSED_VARIABLE = YES;
				IPHONEOS_DEPLOYMENT_TARGET = 15.4;
				MTL_ENABLE_DEBUG_INFO = INCLUDE_SOURCE;
				MTL_FAST_MATH = YES;
				ONLY_ACTIVE_ARCH = YES;
				SDKROOT = iphoneos;
				SWIFT_ACTIVE_COMPILATION_CONDITIONS = DEBUG;
				SWIFT_OPTIMIZATION_LEVEL = "-Onone";
			};
			name = Debug;
		};
		15F632A0289943C0002B369D /* Release */ = {
			isa = XCBuildConfiguration;
			buildSettings = {
				ALWAYS_SEARCH_USER_PATHS = NO;
				CLANG_ANALYZER_NONNULL = YES;
				CLANG_ANALYZER_NUMBER_OBJECT_CONVERSION = YES_AGGRESSIVE;
				CLANG_CXX_LANGUAGE_STANDARD = "gnu++17";
				CLANG_ENABLE_MODULES = YES;
				CLANG_ENABLE_OBJC_ARC = YES;
				CLANG_ENABLE_OBJC_WEAK = YES;
				CLANG_WARN_BLOCK_CAPTURE_AUTORELEASING = YES;
				CLANG_WARN_BOOL_CONVERSION = YES;
				CLANG_WARN_COMMA = YES;
				CLANG_WARN_CONSTANT_CONVERSION = YES;
				CLANG_WARN_DEPRECATED_OBJC_IMPLEMENTATIONS = YES;
				CLANG_WARN_DIRECT_OBJC_ISA_USAGE = YES_ERROR;
				CLANG_WARN_DOCUMENTATION_COMMENTS = YES;
				CLANG_WARN_EMPTY_BODY = YES;
				CLANG_WARN_ENUM_CONVERSION = YES;
				CLANG_WARN_INFINITE_RECURSION = YES;
				CLANG_WARN_INT_CONVERSION = YES;
				CLANG_WARN_NON_LITERAL_NULL_CONVERSION = YES;
				CLANG_WARN_OBJC_IMPLICIT_RETAIN_SELF = YES;
				CLANG_WARN_OBJC_LITERAL_CONVERSION = YES;
				CLANG_WARN_OBJC_ROOT_CLASS = YES_ERROR;
				CLANG_WARN_QUOTED_INCLUDE_IN_FRAMEWORK_HEADER = YES;
				CLANG_WARN_RANGE_LOOP_ANALYSIS = YES;
				CLANG_WARN_STRICT_PROTOTYPES = YES;
				CLANG_WARN_SUSPICIOUS_MOVE = YES;
				CLANG_WARN_UNGUARDED_AVAILABILITY = YES_AGGRESSIVE;
				CLANG_WARN_UNREACHABLE_CODE = YES;
				CLANG_WARN__DUPLICATE_METHOD_MATCH = YES;
				COPY_PHASE_STRIP = NO;
				DEBUG_INFORMATION_FORMAT = "dwarf-with-dsym";
				ENABLE_NS_ASSERTIONS = NO;
				ENABLE_STRICT_OBJC_MSGSEND = YES;
				GCC_C_LANGUAGE_STANDARD = gnu11;
				GCC_NO_COMMON_BLOCKS = YES;
				GCC_WARN_64_TO_32_BIT_CONVERSION = YES;
				GCC_WARN_ABOUT_RETURN_TYPE = YES_ERROR;
				GCC_WARN_UNDECLARED_SELECTOR = YES;
				GCC_WARN_UNINITIALIZED_AUTOS = YES_AGGRESSIVE;
				GCC_WARN_UNUSED_FUNCTION = YES;
				GCC_WARN_UNUSED_VARIABLE = YES;
				IPHONEOS_DEPLOYMENT_TARGET = 15.4;
				MTL_ENABLE_DEBUG_INFO = NO;
				MTL_FAST_MATH = YES;
				SDKROOT = iphoneos;
				SWIFT_COMPILATION_MODE = wholemodule;
				SWIFT_OPTIMIZATION_LEVEL = "-O";
				VALIDATE_PRODUCT = YES;
			};
			name = Release;
		};
		15F632A2289943C0002B369D /* Debug */ = {
			isa = XCBuildConfiguration;
			baseConfigurationReference = 55C6F4B7E272787E66FE74FB /* Pods-NetfixApp.debug.xcconfig */;
			buildSettings = {
				ASSETCATALOG_COMPILER_APPICON_NAME = AppIcon;
				ASSETCATALOG_COMPILER_GLOBAL_ACCENT_COLOR_NAME = AccentColor;
				CODE_SIGN_STYLE = Automatic;
				CURRENT_PROJECT_VERSION = 1;
				DEVELOPMENT_TEAM = PP55TUKCZU;
				GENERATE_INFOPLIST_FILE = YES;
				INFOPLIST_FILE = NetfixApp/Info.plist;
				INFOPLIST_KEY_UIApplicationSupportsIndirectInputEvents = YES;
				INFOPLIST_KEY_UILaunchStoryboardName = LaunchScreen;
				INFOPLIST_KEY_UISupportedInterfaceOrientations_iPad = "UIInterfaceOrientationPortrait UIInterfaceOrientationPortraitUpsideDown UIInterfaceOrientationLandscapeLeft UIInterfaceOrientationLandscapeRight";
				INFOPLIST_KEY_UISupportedInterfaceOrientations_iPhone = "UIInterfaceOrientationPortrait UIInterfaceOrientationLandscapeLeft UIInterfaceOrientationLandscapeRight";
				LD_RUNPATH_SEARCH_PATHS = (
					"$(inherited)",
					"@executable_path/Frameworks",
				);
				MARKETING_VERSION = 1.0;
				PRODUCT_BUNDLE_IDENTIFIER = "-2345.NetfixApp";
				PRODUCT_NAME = "$(TARGET_NAME)";
				SWIFT_EMIT_LOC_STRINGS = YES;
				SWIFT_VERSION = 5.0;
				TARGETED_DEVICE_FAMILY = "1,2";
			};
			name = Debug;
		};
		15F632A3289943C0002B369D /* Release */ = {
			isa = XCBuildConfiguration;
			baseConfigurationReference = A826337A75B40558E576B5DF /* Pods-NetfixApp.release.xcconfig */;
			buildSettings = {
				ASSETCATALOG_COMPILER_APPICON_NAME = AppIcon;
				ASSETCATALOG_COMPILER_GLOBAL_ACCENT_COLOR_NAME = AccentColor;
				CODE_SIGN_STYLE = Automatic;
				CURRENT_PROJECT_VERSION = 1;
				DEVELOPMENT_TEAM = PP55TUKCZU;
				GENERATE_INFOPLIST_FILE = YES;
				INFOPLIST_FILE = NetfixApp/Info.plist;
				INFOPLIST_KEY_UIApplicationSupportsIndirectInputEvents = YES;
				INFOPLIST_KEY_UILaunchStoryboardName = LaunchScreen;
				INFOPLIST_KEY_UISupportedInterfaceOrientations_iPad = "UIInterfaceOrientationPortrait UIInterfaceOrientationPortraitUpsideDown UIInterfaceOrientationLandscapeLeft UIInterfaceOrientationLandscapeRight";
				INFOPLIST_KEY_UISupportedInterfaceOrientations_iPhone = "UIInterfaceOrientationPortrait UIInterfaceOrientationLandscapeLeft UIInterfaceOrientationLandscapeRight";
				LD_RUNPATH_SEARCH_PATHS = (
					"$(inherited)",
					"@executable_path/Frameworks",
				);
				MARKETING_VERSION = 1.0;
				PRODUCT_BUNDLE_IDENTIFIER = "-2345.NetfixApp";
				PRODUCT_NAME = "$(TARGET_NAME)";
				SWIFT_EMIT_LOC_STRINGS = YES;
				SWIFT_VERSION = 5.0;
				TARGETED_DEVICE_FAMILY = "1,2";
			};
			name = Release;
		};
/* End XCBuildConfiguration section */

/* Begin XCConfigurationList section */
		15F63288289943BD002B369D /* Build configuration list for PBXProject "NetfixApp" */ = {
			isa = XCConfigurationList;
			buildConfigurations = (
				15F6329F289943C0002B369D /* Debug */,
				15F632A0289943C0002B369D /* Release */,
			);
			defaultConfigurationIsVisible = 0;
			defaultConfigurationName = Release;
		};
		15F632A1289943C0002B369D /* Build configuration list for PBXNativeTarget "NetfixApp" */ = {
			isa = XCConfigurationList;
			buildConfigurations = (
				15F632A2289943C0002B369D /* Debug */,
				15F632A3289943C0002B369D /* Release */,
			);
			defaultConfigurationIsVisible = 0;
			defaultConfigurationName = Release;
		};
/* End XCConfigurationList section */

/* Begin XCVersionGroup section */
		156E9AE6289BF75700D290EC /* NetflixAppModel.xcdatamodeld */ = {
			isa = XCVersionGroup;
			children = (
				156E9AE7289BF75700D290EC /* NetflixAppModel.xcdatamodel */,
			);
			currentVersion = 156E9AE7289BF75700D290EC /* NetflixAppModel.xcdatamodel */;
			path = NetflixAppModel.xcdatamodeld;
			sourceTree = "<group>";
			versionGroupType = wrapper.xcdatamodel;
		};
/* End XCVersionGroup section */
	};
	rootObject = 15F63285289943BD002B369D /* Project object */;
}
